// !$*UTF8*$!
{
	archiveVersion = 1;
	classes = {
	};
	objectVersion = 77;
	objects = {

/* Begin PBXContainerItemProxy section */
		EFB7F87B2DEDDDCF00CAA746 /* PBXContainerItemProxy */ = {
			isa = PBXContainerItemProxy;
			containerPortal = EFB7F8652DEDDDCC00CAA746 /* Project object */;
			proxyType = 1;
			remoteGlobalIDString = EFB7F86C2DEDDDCC00CAA746;
			remoteInfo = "DogBreeds-iOS";
		};
		EFB7F8852DEDDDCF00CAA746 /* PBXContainerItemProxy */ = {
			isa = PBXContainerItemProxy;
			containerPortal = EFB7F8652DEDDDCC00CAA746 /* Project object */;
			proxyType = 1;
			remoteGlobalIDString = EFB7F86C2DEDDDCC00CAA746;
			remoteInfo = "DogBreeds-iOS";
		};
/* End PBXContainerItemProxy section */

/* Begin PBXFileReference section */
		EF1A3F472DEF6E020027E109 /* DogBreeds-iOSTests.xctestplan */ = {isa = PBXFileReference; lastKnownFileType = text; path = "DogBreeds-iOSTests.xctestplan"; sourceTree = "<group>"; };
		EFB7F86D2DEDDDCC00CAA746 /* DogBreeds-iOS.app */ = {isa = PBXFileReference; explicitFileType = wrapper.application; includeInIndex = 0; path = "DogBreeds-iOS.app"; sourceTree = BUILT_PRODUCTS_DIR; };
		EFB7F87A2DEDDDCF00CAA746 /* DogBreeds-iOSTests.xctest */ = {isa = PBXFileReference; explicitFileType = wrapper.cfbundle; includeInIndex = 0; path = "DogBreeds-iOSTests.xctest"; sourceTree = BUILT_PRODUCTS_DIR; };
		EFB7F8842DEDDDCF00CAA746 /* DogBreeds-iOSUITests.xctest */ = {isa = PBXFileReference; explicitFileType = wrapper.cfbundle; includeInIndex = 0; path = "DogBreeds-iOSUITests.xctest"; sourceTree = BUILT_PRODUCTS_DIR; };
/* End PBXFileReference section */

/* Begin PBXFileSystemSynchronizedRootGroup section */
		EFB7F86F2DEDDDCC00CAA746 /* DogBreeds-iOS */ = {
			isa = PBXFileSystemSynchronizedRootGroup;
			path = "DogBreeds-iOS";
			sourceTree = "<group>";
		};
		EFB7F87D2DEDDDCF00CAA746 /* DogBreeds-iOSTests */ = {
			isa = PBXFileSystemSynchronizedRootGroup;
			path = "DogBreeds-iOSTests";
			sourceTree = "<group>";
		};
/* End PBXFileSystemSynchronizedRootGroup section */

/* Begin PBXFrameworksBuildPhase section */
		EFB7F86A2DEDDDCC00CAA746 /* Frameworks */ = {
			isa = PBXFrameworksBuildPhase;
			buildActionMask = 2147483647;
			files = (
			);
			runOnlyForDeploymentPostprocessing = 0;
		};
		EFB7F8772DEDDDCF00CAA746 /* Frameworks */ = {
			isa = PBXFrameworksBuildPhase;
			buildActionMask = 2147483647;
			files = (
			);
			runOnlyForDeploymentPostprocessing = 0;
		};
		EFB7F8812DEDDDCF00CAA746 /* Frameworks */ = {
			isa = PBXFrameworksBuildPhase;
			buildActionMask = 2147483647;
			files = (
			);
			runOnlyForDeploymentPostprocessing = 0;
		};
/* End PBXFrameworksBuildPhase section */

/* Begin PBXGroup section */
		EFB7F8642DEDDDCC00CAA746 = {
			isa = PBXGroup;
			children = (
				EF1A3F472DEF6E020027E109 /* DogBreeds-iOSTests.xctestplan */,
				EFB7F86F2DEDDDCC00CAA746 /* DogBreeds-iOS */,
				EFB7F87D2DEDDDCF00CAA746 /* DogBreeds-iOSTests */,
				EFB7F86E2DEDDDCC00CAA746 /* Products */,
			);
			sourceTree = "<group>";
		};
		EFB7F86E2DEDDDCC00CAA746 /* Products */ = {
			isa = PBXGroup;
			children = (
				EFB7F86D2DEDDDCC00CAA746 /* DogBreeds-iOS.app */,
				EFB7F87A2DEDDDCF00CAA746 /* DogBreeds-iOSTests.xctest */,
				EFB7F8842DEDDDCF00CAA746 /* DogBreeds-iOSUITests.xctest */,
			);
			name = Products;
			sourceTree = "<group>";
		};
/* End PBXGroup section */

/* Begin PBXNativeTarget section */
		EFB7F86C2DEDDDCC00CAA746 /* DogBreeds-iOS */ = {
			isa = PBXNativeTarget;
			buildConfigurationList = EFB7F88E2DEDDDCF00CAA746 /* Build configuration list for PBXNativeTarget "DogBreeds-iOS" */;
			buildPhases = (
				EFB7F8692DEDDDCC00CAA746 /* Sources */,
				EFB7F86A2DEDDDCC00CAA746 /* Frameworks */,
				EFB7F86B2DEDDDCC00CAA746 /* Resources */,
			);
			buildRules = (
			);
			dependencies = (
			);
			fileSystemSynchronizedGroups = (
				EFB7F86F2DEDDDCC00CAA746 /* DogBreeds-iOS */,
			);
			name = "DogBreeds-iOS";
			packageProductDependencies = (
			);
			productName = "DogBreeds-iOS";
			productReference = EFB7F86D2DEDDDCC00CAA746 /* DogBreeds-iOS.app */;
			productType = "com.apple.product-type.application";
		};
		EFB7F8792DEDDDCF00CAA746 /* DogBreeds-iOSTests */ = {
			isa = PBXNativeTarget;
			buildConfigurationList = EFB7F8912DEDDDCF00CAA746 /* Build configuration list for PBXNativeTarget "DogBreeds-iOSTests" */;
			buildPhases = (
				EFB7F8762DEDDDCF00CAA746 /* Sources */,
				EFB7F8772DEDDDCF00CAA746 /* Frameworks */,
				EFB7F8782DEDDDCF00CAA746 /* Resources */,
			);
			buildRules = (
			);
			dependencies = (
				EFB7F87C2DEDDDCF00CAA746 /* PBXTargetDependency */,
			);
			fileSystemSynchronizedGroups = (
				EFB7F87D2DEDDDCF00CAA746 /* DogBreeds-iOSTests */,
			);
			name = "DogBreeds-iOSTests";
			packageProductDependencies = (
			);
			productName = "DogBreeds-iOSTests";
			productReference = EFB7F87A2DEDDDCF00CAA746 /* DogBreeds-iOSTests.xctest */;
			productType = "com.apple.product-type.bundle.unit-test";
		};
		EFB7F8832DEDDDCF00CAA746 /* DogBreeds-iOSUITests */ = {
			isa = PBXNativeTarget;
			buildConfigurationList = EFB7F8942DEDDDCF00CAA746 /* Build configuration list for PBXNativeTarget "DogBreeds-iOSUITests" */;
			buildPhases = (
				EFB7F8802DEDDDCF00CAA746 /* Sources */,
				EFB7F8812DEDDDCF00CAA746 /* Frameworks */,
				EFB7F8822DEDDDCF00CAA746 /* Resources */,
			);
			buildRules = (
			);
			dependencies = (
				EFB7F8862DEDDDCF00CAA746 /* PBXTargetDependency */,
			);
			name = "DogBreeds-iOSUITests";
			packageProductDependencies = (
			);
			productName = "DogBreeds-iOSUITests";
			productReference = EFB7F8842DEDDDCF00CAA746 /* DogBreeds-iOSUITests.xctest */;
			productType = "com.apple.product-type.bundle.ui-testing";
		};
/* End PBXNativeTarget section */

/* Begin PBXProject section */
		EFB7F8652DEDDDCC00CAA746 /* Project object */ = {
			isa = PBXProject;
			attributes = {
				BuildIndependentTargetsInParallel = 1;
				LastSwiftUpdateCheck = 1640;
				LastUpgradeCheck = 1640;
				TargetAttributes = {
					EFB7F86C2DEDDDCC00CAA746 = {
						CreatedOnToolsVersion = 16.4;
					};
					EFB7F8792DEDDDCF00CAA746 = {
						CreatedOnToolsVersion = 16.4;
						TestTargetID = EFB7F86C2DEDDDCC00CAA746;
					};
					EFB7F8832DEDDDCF00CAA746 = {
						CreatedOnToolsVersion = 16.4;
						TestTargetID = EFB7F86C2DEDDDCC00CAA746;
					};
				};
			};
			buildConfigurationList = EFB7F8682DEDDDCC00CAA746 /* Build configuration list for PBXProject "DogBreeds-iOS" */;
			developmentRegion = en;
			hasScannedForEncodings = 0;
			knownRegions = (
				en,
				Base,
			);
			mainGroup = EFB7F8642DEDDDCC00CAA746;
			minimizedProjectReferenceProxies = 1;
			preferredProjectObjectVersion = 77;
			productRefGroup = EFB7F86E2DEDDDCC00CAA746 /* Products */;
			projectDirPath = "";
			projectRoot = "";
			targets = (
				EFB7F86C2DEDDDCC00CAA746 /* DogBreeds-iOS */,
				EFB7F8792DEDDDCF00CAA746 /* DogBreeds-iOSTests */,
				EFB7F8832DEDDDCF00CAA746 /* DogBreeds-iOSUITests */,
			);
		};
/* End PBXProject section */

/* Begin PBXResourcesBuildPhase section */
		EFB7F86B2DEDDDCC00CAA746 /* Resources */ = {
			isa = PBXResourcesBuildPhase;
			buildActionMask = 2147483647;
			files = (
			);
			runOnlyForDeploymentPostprocessing = 0;
		};
		EFB7F8782DEDDDCF00CAA746 /* Resources */ = {
			isa = PBXResourcesBuildPhase;
			buildActionMask = 2147483647;
			files = (
			);
			runOnlyForDeploymentPostprocessing = 0;
		};
		EFB7F8822DEDDDCF00CAA746 /* Resources */ = {
			isa = PBXResourcesBuildPhase;
			buildActionMask = 2147483647;
			files = (
			);
			runOnlyForDeploymentPostprocessing = 0;
		};
/* End PBXResourcesBuildPhase section */

/* Begin PBXSourcesBuildPhase section */
		EFB7F8692DEDDDCC00CAA746 /* Sources */ = {
			isa = PBXSourcesBuildPhase;
			buildActionMask = 2147483647;
			files = (
			);
			runOnlyForDeploymentPostprocessing = 0;
		};
		EFB7F8762DEDDDCF00CAA746 /* Sources */ = {
			isa = PBXSourcesBuildPhase;
			buildActionMask = 2147483647;
			files = (
			);
			runOnlyForDeploymentPostprocessing = 0;
		};
		EFB7F8802DEDDDCF00CAA746 /* Sources */ = {
			isa = PBXSourcesBuildPhase;
			buildActionMask = 2147483647;
			files = (
			);
			runOnlyForDeploymentPostprocessing = 0;
		};
/* End PBXSourcesBuildPhase section */

/* Begin PBXTargetDependency section */
		EFB7F87C2DEDDDCF00CAA746 /* PBXTargetDependency */ = {
			isa = PBXTargetDependency;
			target = EFB7F86C2DEDDDCC00CAA746 /* DogBreeds-iOS */;
			targetProxy = EFB7F87B2DEDDDCF00CAA746 /* PBXContainerItemProxy */;
		};
		EFB7F8862DEDDDCF00CAA746 /* PBXTargetDependency */ = {
			isa = PBXTargetDependency;
			target = EFB7F86C2DEDDDCC00CAA746 /* DogBreeds-iOS */;
			targetProxy = EFB7F8852DEDDDCF00CAA746 /* PBXContainerItemProxy */;
		};
/* End PBXTargetDependency section */

/* Begin XCBuildConfiguration section */
		EFB7F88C2DEDDDCF00CAA746 /* Debug */ = {
			isa = XCBuildConfiguration;
			buildSettings = {
				ALWAYS_SEARCH_USER_PATHS = NO;
				ASSETCATALOG_COMPILER_GENERATE_SWIFT_ASSET_SYMBOL_EXTENSIONS = YES;
				CLANG_ANALYZER_NONNULL = YES;
				CLANG_ANALYZER_NUMBER_OBJECT_CONVERSION = YES_AGGRESSIVE;
				CLANG_CXX_LANGUAGE_STANDARD = "gnu++20";
				CLANG_ENABLE_MODULES = YES;
				CLANG_ENABLE_OBJC_ARC = YES;
				CLANG_ENABLE_OBJC_WEAK = YES;
				CLANG_WARN_BLOCK_CAPTURE_AUTORELEASING = YES;
				CLANG_WARN_BOOL_CONVERSION = YES;
				CLANG_WARN_COMMA = YES;
				CLANG_WARN_CONSTANT_CONVERSION = YES;
				CLANG_WARN_DEPRECATED_OBJC_IMPLEMENTATIONS = YES;
				CLANG_WARN_DIRECT_OBJC_ISA_USAGE = YES_ERROR;
				CLANG_WARN_DOCUMENTATION_COMMENTS = YES;
				CLANG_WARN_EMPTY_BODY = YES;
				CLANG_WARN_ENUM_CONVERSION = YES;
				CLANG_WARN_INFINITE_RECURSION = YES;
				CLANG_WARN_INT_CONVERSION = YES;
				CLANG_WARN_NON_LITERAL_NULL_CONVERSION = YES;
				CLANG_WARN_OBJC_IMPLICIT_RETAIN_SELF = YES;
				CLANG_WARN_OBJC_LITERAL_CONVERSION = YES;
				CLANG_WARN_OBJC_ROOT_CLASS = YES_ERROR;
				CLANG_WARN_QUOTED_INCLUDE_IN_FRAMEWORK_HEADER = YES;
				CLANG_WARN_RANGE_LOOP_ANALYSIS = YES;
				CLANG_WARN_STRICT_PROTOTYPES = YES;
				CLANG_WARN_SUSPICIOUS_MOVE = YES;
				CLANG_WARN_UNGUARDED_AVAILABILITY = YES_AGGRESSIVE;
				CLANG_WARN_UNREACHABLE_CODE = YES;
				CLANG_WARN__DUPLICATE_METHOD_MATCH = YES;
				COPY_PHASE_STRIP = NO;
				DEBUG_INFORMATION_FORMAT = dwarf;
				ENABLE_STRICT_OBJC_MSGSEND = YES;
				ENABLE_TESTABILITY = YES;
				ENABLE_USER_SCRIPT_SANDBOXING = YES;
				GCC_C_LANGUAGE_STANDARD = gnu17;
				GCC_DYNAMIC_NO_PIC = NO;
				GCC_NO_COMMON_BLOCKS = YES;
				GCC_OPTIMIZATION_LEVEL = 0;
				GCC_PREPROCESSOR_DEFINITIONS = (
					"DEBUG=1",
					"$(inherited)",
				);
				GCC_WARN_64_TO_32_BIT_CONVERSION = YES;
				GCC_WARN_ABOUT_RETURN_TYPE = YES_ERROR;
				GCC_WARN_UNDECLARED_SELECTOR = YES;
				GCC_WARN_UNINITIALIZED_AUTOS = YES_AGGRESSIVE;
				GCC_WARN_UNUSED_FUNCTION = YES;
				GCC_WARN_UNUSED_VARIABLE = YES;
				IPHONEOS_DEPLOYMENT_TARGET = 18.5;
				LOCALIZATION_PREFERS_STRING_CATALOGS = YES;
				MTL_ENABLE_DEBUG_INFO = INCLUDE_SOURCE;
				MTL_FAST_MATH = YES;
				ONLY_ACTIVE_ARCH = YES;
				SDKROOT = iphoneos;
				SWIFT_ACTIVE_COMPILATION_CONDITIONS = "DEBUG $(inherited)";
				SWIFT_OPTIMIZATION_LEVEL = "-Onone";
			};
			name = Debug;
		};
		EFB7F88D2DEDDDCF00CAA746 /* Release */ = {
			isa = XCBuildConfiguration;
			buildSettings = {
				ALWAYS_SEARCH_USER_PATHS = NO;
				ASSETCATALOG_COMPILER_GENERATE_SWIFT_ASSET_SYMBOL_EXTENSIONS = YES;
				CLANG_ANALYZER_NONNULL = YES;
				CLANG_ANALYZER_NUMBER_OBJECT_CONVERSION = YES_AGGRESSIVE;
				CLANG_CXX_LANGUAGE_STANDARD = "gnu++20";
				CLANG_ENABLE_MODULES = YES;
				CLANG_ENABLE_OBJC_ARC = YES;
				CLANG_ENABLE_OBJC_WEAK = YES;
				CLANG_WARN_BLOCK_CAPTURE_AUTORELEASING = YES;
				CLANG_WARN_BOOL_CONVERSION = YES;
				CLANG_WARN_COMMA = YES;
				CLANG_WARN_CONSTANT_CONVERSION = YES;
				CLANG_WARN_DEPRECATED_OBJC_IMPLEMENTATIONS = YES;
				CLANG_WARN_DIRECT_OBJC_ISA_USAGE = YES_ERROR;
				CLANG_WARN_DOCUMENTATION_COMMENTS = YES;
				CLANG_WARN_EMPTY_BODY = YES;
				CLANG_WARN_ENUM_CONVERSION = YES;
				CLANG_WARN_INFINITE_RECURSION = YES;
				CLANG_WARN_INT_CONVERSION = YES;
				CLANG_WARN_NON_LITERAL_NULL_CONVERSION = YES;
				CLANG_WARN_OBJC_IMPLICIT_RETAIN_SELF = YES;
				CLANG_WARN_OBJC_LITERAL_CONVERSION = YES;
				CLANG_WARN_OBJC_ROOT_CLASS = YES_ERROR;
				CLANG_WARN_QUOTED_INCLUDE_IN_FRAMEWORK_HEADER = YES;
				CLANG_WARN_RANGE_LOOP_ANALYSIS = YES;
				CLANG_WARN_STRICT_PROTOTYPES = YES;
				CLANG_WARN_SUSPICIOUS_MOVE = YES;
				CLANG_WARN_UNGUARDED_AVAILABILITY = YES_AGGRESSIVE;
				CLANG_WARN_UNREACHABLE_CODE = YES;
				CLANG_WARN__DUPLICATE_METHOD_MATCH = YES;
				COPY_PHASE_STRIP = NO;
				DEBUG_INFORMATION_FORMAT = "dwarf-with-dsym";
				ENABLE_NS_ASSERTIONS = NO;
				ENABLE_STRICT_OBJC_MSGSEND = YES;
				ENABLE_USER_SCRIPT_SANDBOXING = YES;
				GCC_C_LANGUAGE_STANDARD = gnu17;
				GCC_NO_COMMON_BLOCKS = YES;
				GCC_WARN_64_TO_32_BIT_CONVERSION = YES;
				GCC_WARN_ABOUT_RETURN_TYPE = YES_ERROR;
				GCC_WARN_UNDECLARED_SELECTOR = YES;
				GCC_WARN_UNINITIALIZED_AUTOS = YES_AGGRESSIVE;
				GCC_WARN_UNUSED_FUNCTION = YES;
				GCC_WARN_UNUSED_VARIABLE = YES;
				IPHONEOS_DEPLOYMENT_TARGET = 18.5;
				LOCALIZATION_PREFERS_STRING_CATALOGS = YES;
				MTL_ENABLE_DEBUG_INFO = NO;
				MTL_FAST_MATH = YES;
				SDKROOT = iphoneos;
				SWIFT_COMPILATION_MODE = wholemodule;
				VALIDATE_PRODUCT = YES;
			};
			name = Release;
		};
		EFB7F88F2DEDDDCF00CAA746 /* Debug */ = {
			isa = XCBuildConfiguration;
			buildSettings = {
				ASSETCATALOG_COMPILER_APPICON_NAME = AppIcon;
				ASSETCATALOG_COMPILER_GLOBAL_ACCENT_COLOR_NAME = AccentColor;
				CODE_SIGN_STYLE = Automatic;
				CURRENT_PROJECT_VERSION = 1;
				ENABLE_PREVIEWS = YES;
				GENERATE_INFOPLIST_FILE = YES;
				INFOPLIST_KEY_UIApplicationSceneManifest_Generation = YES;
				INFOPLIST_KEY_UIApplicationSupportsIndirectInputEvents = YES;
				INFOPLIST_KEY_UILaunchScreen_Generation = YES;
				INFOPLIST_KEY_UISupportedInterfaceOrientations_iPad = "UIInterfaceOrientationPortrait UIInterfaceOrientationPortraitUpsideDown UIInterfaceOrientationLandscapeLeft UIInterfaceOrientationLandscapeRight";
				INFOPLIST_KEY_UISupportedInterfaceOrientations_iPhone = "UIInterfaceOrientationPortrait UIInterfaceOrientationLandscapeLeft UIInterfaceOrientationLandscapeRight";
				LD_RUNPATH_SEARCH_PATHS = (
					"$(inherited)",
					"@executable_path/Frameworks",
				);
				MARKETING_VERSION = 1.0;
				PRODUCT_BUNDLE_IDENTIFIER = "com.ivanscorral.DogBreeds-iOS";
				PRODUCT_NAME = "$(TARGET_NAME)";
				SWIFT_EMIT_LOC_STRINGS = YES;
				SWIFT_VERSION = 5.0;
				TARGETED_DEVICE_FAMILY = "1,2";
			};
			name = Debug;
		};
		EFB7F8902DEDDDCF00CAA746 /* Release */ = {
			isa = XCBuildConfiguration;
			buildSettings = {
				ASSETCATALOG_COMPILER_APPICON_NAME = AppIcon;
				ASSETCATALOG_COMPILER_GLOBAL_ACCENT_COLOR_NAME = AccentColor;
				CODE_SIGN_STYLE = Automatic;
				CURRENT_PROJECT_VERSION = 1;
				ENABLE_PREVIEWS = YES;
				GENERATE_INFOPLIST_FILE = YES;
				INFOPLIST_KEY_UIApplicationSceneManifest_Generation = YES;
				INFOPLIST_KEY_UIApplicationSupportsIndirectInputEvents = YES;
				INFOPLIST_KEY_UILaunchScreen_Generation = YES;
				INFOPLIST_KEY_UISupportedInterfaceOrientations_iPad = "UIInterfaceOrientationPortrait UIInterfaceOrientationPortraitUpsideDown UIInterfaceOrientationLandscapeLeft UIInterfaceOrientationLandscapeRight";
				INFOPLIST_KEY_UISupportedInterfaceOrientations_iPhone = "UIInterfaceOrientationPortrait UIInterfaceOrientationLandscapeLeft UIInterfaceOrientationLandscapeRight";
				LD_RUNPATH_SEARCH_PATHS = (
					"$(inherited)",
					"@executable_path/Frameworks",
				);
				MARKETING_VERSION = 1.0;
				PRODUCT_BUNDLE_IDENTIFIER = "com.ivanscorral.DogBreeds-iOS";
				PRODUCT_NAME = "$(TARGET_NAME)";
				SWIFT_EMIT_LOC_STRINGS = YES;
				SWIFT_VERSION = 5.0;
				TARGETED_DEVICE_FAMILY = "1,2";
			};
			name = Release;
		};
		EFB7F8922DEDDDCF00CAA746 /* Debug */ = {
			isa = XCBuildConfiguration;
			buildSettings = {
				BUNDLE_LOADER = "$(TEST_HOST)";
				CODE_SIGN_STYLE = Automatic;
				CURRENT_PROJECT_VERSION = 1;
				GENERATE_INFOPLIST_FILE = YES;
				IPHONEOS_DEPLOYMENT_TARGET = 18.5;
				MARKETING_VERSION = 1.0;
				PRODUCT_BUNDLE_IDENTIFIER = "com.ivanscorral.DogBreeds-iOSTests";
				PRODUCT_NAME = "$(TARGET_NAME)";
				SWIFT_EMIT_LOC_STRINGS = NO;
				SWIFT_VERSION = 5.0;
				TARGETED_DEVICE_FAMILY = "1,2";
				TEST_HOST = "$(BUILT_PRODUCTS_DIR)/DogBreeds-iOS.app/$(BUNDLE_EXECUTABLE_FOLDER_PATH)/DogBreeds-iOS";
			};
			name = Debug;
		};
		EFB7F8932DEDDDCF00CAA746 /* Release */ = {
			isa = XCBuildConfiguration;
			buildSettings = {
				BUNDLE_LOADER = "$(TEST_HOST)";
				CODE_SIGN_STYLE = Automatic;
				CURRENT_PROJECT_VERSION = 1;
				GENERATE_INFOPLIST_FILE = YES;
				IPHONEOS_DEPLOYMENT_TARGET = 18.5;
				MARKETING_VERSION = 1.0;
				PRODUCT_BUNDLE_IDENTIFIER = "com.ivanscorral.DogBreeds-iOSTests";
				PRODUCT_NAME = "$(TARGET_NAME)";
				SWIFT_EMIT_LOC_STRINGS = NO;
				SWIFT_VERSION = 5.0;
				TARGETED_DEVICE_FAMILY = "1,2";
				TEST_HOST = "$(BUILT_PRODUCTS_DIR)/DogBreeds-iOS.app/$(BUNDLE_EXECUTABLE_FOLDER_PATH)/DogBreeds-iOS";
			};
			name = Release;
		};
		EFB7F8952DEDDDCF00CAA746 /* Debug */ = {
			isa = XCBuildConfiguration;
			buildSettings = {
				CODE_SIGN_STYLE = Automatic;
				CURRENT_PROJECT_VERSION = 1;
				GENERATE_INFOPLIST_FILE = YES;
				MARKETING_VERSION = 1.0;
				PRODUCT_BUNDLE_IDENTIFIER = "com.ivanscorral.DogBreeds-iOSUITests";
				PRODUCT_NAME = "$(TARGET_NAME)";
				SWIFT_EMIT_LOC_STRINGS = NO;
				SWIFT_VERSION = 5.0;
				TARGETED_DEVICE_FAMILY = "1,2";
				TEST_TARGET_NAME = "DogBreeds-iOS";
			};
			name = Debug;
		};
		EFB7F8962DEDDDCF00CAA746 /* Release */ = {
			isa = XCBuildConfiguration;
			buildSettings = {
				CODE_SIGN_STYLE = Automatic;
				CURRENT_PROJECT_VERSION = 1;
				GENERATE_INFOPLIST_FILE = YES;
				MARKETING_VERSION = 1.0;
				PRODUCT_BUNDLE_IDENTIFIER = "com.ivanscorral.DogBreeds-iOSUITests";
				PRODUCT_NAME = "$(TARGET_NAME)";
				SWIFT_EMIT_LOC_STRINGS = NO;
				SWIFT_VERSION = 5.0;
				TARGETED_DEVICE_FAMILY = "1,2";
				TEST_TARGET_NAME = "DogBreeds-iOS";
			};
			name = Release;
		};
/* End XCBuildConfiguration section */

/* Begin XCConfigurationList section */
		EFB7F8682DEDDDCC00CAA746 /* Build configuration list for PBXProject "DogBreeds-iOS" */ = {
			isa = XCConfigurationList;
			buildConfigurations = (
				EFB7F88C2DEDDDCF00CAA746 /* Debug */,
				EFB7F88D2DEDDDCF00CAA746 /* Release */,
			);
			defaultConfigurationIsVisible = 0;
			defaultConfigurationName = Release;
		};
		EFB7F88E2DEDDDCF00CAA746 /* Build configuration list for PBXNativeTarget "DogBreeds-iOS" */ = {
			isa = XCConfigurationList;
			buildConfigurations = (
				EFB7F88F2DEDDDCF00CAA746 /* Debug */,
				EFB7F8902DEDDDCF00CAA746 /* Release */,
			);
			defaultConfigurationIsVisible = 0;
			defaultConfigurationName = Release;
		};
		EFB7F8912DEDDDCF00CAA746 /* Build configuration list for PBXNativeTarget "DogBreeds-iOSTests" */ = {
			isa = XCConfigurationList;
			buildConfigurations = (
				EFB7F8922DEDDDCF00CAA746 /* Debug */,
				EFB7F8932DEDDDCF00CAA746 /* Release */,
			);
			defaultConfigurationIsVisible = 0;
			defaultConfigurationName = Release;
		};
		EFB7F8942DEDDDCF00CAA746 /* Build configuration list for PBXNativeTarget "DogBreeds-iOSUITests" */ = {
			isa = XCConfigurationList;
			buildConfigurations = (
				EFB7F8952DEDDDCF00CAA746 /* Debug */,
				EFB7F8962DEDDDCF00CAA746 /* Release */,
			);
			defaultConfigurationIsVisible = 0;
			defaultConfigurationName = Release;
		};
/* End XCConfigurationList section */
	};
	rootObject = EFB7F8652DEDDDCC00CAA746 /* Project object */;
}
